// !$*UTF8*$!
{
	archiveVersion = 1;
	classes = {
	};
	objectVersion = 56;
	objects = {

/* Begin PBXBuildFile section */
		708B9C6F29E9962E006B6BC4 /* AppDelegate.swift in Sources */ = {isa = PBXBuildFile; fileRef = 708B9C6E29E9962E006B6BC4 /* AppDelegate.swift */; };
		708B9C7129E9962E006B6BC4 /* SceneDelegate.swift in Sources */ = {isa = PBXBuildFile; fileRef = 708B9C7029E9962E006B6BC4 /* SceneDelegate.swift */; };
		708B9C7629E9962E006B6BC4 /* Main.storyboard in Resources */ = {isa = PBXBuildFile; fileRef = 708B9C7429E9962E006B6BC4 /* Main.storyboard */; };
		708B9C7829E9962E006B6BC4 /* Assets.xcassets in Resources */ = {isa = PBXBuildFile; fileRef = 708B9C7729E9962E006B6BC4 /* Assets.xcassets */; };
		708B9C7B29E9962E006B6BC4 /* LaunchScreen.storyboard in Resources */ = {isa = PBXBuildFile; fileRef = 708B9C7929E9962E006B6BC4 /* LaunchScreen.storyboard */; };
		708B9C8429E99668006B6BC4 /* Moya-ObjectMapper in Frameworks */ = {isa = PBXBuildFile; productRef = 708B9C8329E99668006B6BC4 /* Moya-ObjectMapper */; };
		708B9C8729E9967D006B6BC4 /* SDWebImage in Frameworks */ = {isa = PBXBuildFile; productRef = 708B9C8629E9967D006B6BC4 /* SDWebImage */; };
		708B9C8A29E99693006B6BC4 /* SnapKit in Frameworks */ = {isa = PBXBuildFile; productRef = 708B9C8929E99693006B6BC4 /* SnapKit */; };
		708B9C8D29E996C0006B6BC4 /* MainViewController.swift in Sources */ = {isa = PBXBuildFile; fileRef = 708B9C8C29E996C0006B6BC4 /* MainViewController.swift */; };
		708B9C9029E99778006B6BC4 /* OpenLibraryApi.swift in Sources */ = {isa = PBXBuildFile; fileRef = 708B9C8F29E99778006B6BC4 /* OpenLibraryApi.swift */; };
		708B9C9229E9977E006B6BC4 /* OpenLibraryProvider.swift in Sources */ = {isa = PBXBuildFile; fileRef = 708B9C9129E9977E006B6BC4 /* OpenLibraryProvider.swift */; };
		708B9C9529E99CA9006B6BC4 /* BookModel.swift in Sources */ = {isa = PBXBuildFile; fileRef = 708B9C9429E99CA9006B6BC4 /* BookModel.swift */; };
		708B9C9729E99F45006B6BC4 /* TrendingModel.swift in Sources */ = {isa = PBXBuildFile; fileRef = 708B9C9629E99F45006B6BC4 /* TrendingModel.swift */; };
		708B9C9B29E99FFF006B6BC4 /* BookTableViewCell.swift in Sources */ = {isa = PBXBuildFile; fileRef = 708B9C9A29E99FFF006B6BC4 /* BookTableViewCell.swift */; };
		708B9C9E29E9A2AE006B6BC4 /* UITableView.swift in Sources */ = {isa = PBXBuildFile; fileRef = 708B9C9D29E9A2AE006B6BC4 /* UITableView.swift */; };
		708B9CA029E9A2B8006B6BC4 /* UITableViewCell.swift in Sources */ = {isa = PBXBuildFile; fileRef = 708B9C9F29E9A2B8006B6BC4 /* UITableViewCell.swift */; };
		708B9CA229E9A488006B6BC4 /* UIViewController.swift in Sources */ = {isa = PBXBuildFile; fileRef = 708B9CA129E9A488006B6BC4 /* UIViewController.swift */; };
		708B9CA429E9A4E9006B6BC4 /* UIImage.swift in Sources */ = {isa = PBXBuildFile; fileRef = 708B9CA329E9A4E9006B6BC4 /* UIImage.swift */; };
		708B9CA629E9A8F0006B6BC4 /* BookViewController.swift in Sources */ = {isa = PBXBuildFile; fileRef = 708B9CA529E9A8F0006B6BC4 /* BookViewController.swift */; };
		708B9CA829E9AA58006B6BC4 /* BookRatingModel.swift in Sources */ = {isa = PBXBuildFile; fileRef = 708B9CA729E9AA58006B6BC4 /* BookRatingModel.swift */; };
/* End PBXBuildFile section */

/* Begin PBXFileReference section */
		708B9C6B29E9962E006B6BC4 /* book-library-app.app */ = {isa = PBXFileReference; explicitFileType = wrapper.application; includeInIndex = 0; path = "book-library-app.app"; sourceTree = BUILT_PRODUCTS_DIR; };
		708B9C6E29E9962E006B6BC4 /* AppDelegate.swift */ = {isa = PBXFileReference; lastKnownFileType = sourcecode.swift; path = AppDelegate.swift; sourceTree = "<group>"; };
		708B9C7029E9962E006B6BC4 /* SceneDelegate.swift */ = {isa = PBXFileReference; lastKnownFileType = sourcecode.swift; path = SceneDelegate.swift; sourceTree = "<group>"; };
		708B9C7529E9962E006B6BC4 /* Base */ = {isa = PBXFileReference; lastKnownFileType = file.storyboard; name = Base; path = Base.lproj/Main.storyboard; sourceTree = "<group>"; };
		708B9C7729E9962E006B6BC4 /* Assets.xcassets */ = {isa = PBXFileReference; lastKnownFileType = folder.assetcatalog; path = Assets.xcassets; sourceTree = "<group>"; };
		708B9C7A29E9962E006B6BC4 /* Base */ = {isa = PBXFileReference; lastKnownFileType = file.storyboard; name = Base; path = Base.lproj/LaunchScreen.storyboard; sourceTree = "<group>"; };
		708B9C7C29E9962E006B6BC4 /* Info.plist */ = {isa = PBXFileReference; lastKnownFileType = text.plist.xml; path = Info.plist; sourceTree = "<group>"; };
		708B9C8C29E996C0006B6BC4 /* MainViewController.swift */ = {isa = PBXFileReference; lastKnownFileType = sourcecode.swift; path = MainViewController.swift; sourceTree = "<group>"; };
		708B9C8F29E99778006B6BC4 /* OpenLibraryApi.swift */ = {isa = PBXFileReference; lastKnownFileType = sourcecode.swift; path = OpenLibraryApi.swift; sourceTree = "<group>"; };
		708B9C9129E9977E006B6BC4 /* OpenLibraryProvider.swift */ = {isa = PBXFileReference; lastKnownFileType = sourcecode.swift; path = OpenLibraryProvider.swift; sourceTree = "<group>"; };
		708B9C9429E99CA9006B6BC4 /* BookModel.swift */ = {isa = PBXFileReference; lastKnownFileType = sourcecode.swift; path = BookModel.swift; sourceTree = "<group>"; };
		708B9C9629E99F45006B6BC4 /* TrendingModel.swift */ = {isa = PBXFileReference; lastKnownFileType = sourcecode.swift; path = TrendingModel.swift; sourceTree = "<group>"; };
		708B9C9A29E99FFF006B6BC4 /* BookTableViewCell.swift */ = {isa = PBXFileReference; lastKnownFileType = sourcecode.swift; path = BookTableViewCell.swift; sourceTree = "<group>"; };
		708B9C9D29E9A2AE006B6BC4 /* UITableView.swift */ = {isa = PBXFileReference; lastKnownFileType = sourcecode.swift; path = UITableView.swift; sourceTree = "<group>"; };
		708B9C9F29E9A2B8006B6BC4 /* UITableViewCell.swift */ = {isa = PBXFileReference; lastKnownFileType = sourcecode.swift; path = UITableViewCell.swift; sourceTree = "<group>"; };
		708B9CA129E9A488006B6BC4 /* UIViewController.swift */ = {isa = PBXFileReference; lastKnownFileType = sourcecode.swift; path = UIViewController.swift; sourceTree = "<group>"; };
		708B9CA329E9A4E9006B6BC4 /* UIImage.swift */ = {isa = PBXFileReference; lastKnownFileType = sourcecode.swift; path = UIImage.swift; sourceTree = "<group>"; };
		708B9CA529E9A8F0006B6BC4 /* BookViewController.swift */ = {isa = PBXFileReference; lastKnownFileType = sourcecode.swift; path = BookViewController.swift; sourceTree = "<group>"; };
		708B9CA729E9AA58006B6BC4 /* BookRatingModel.swift */ = {isa = PBXFileReference; lastKnownFileType = sourcecode.swift; path = BookRatingModel.swift; sourceTree = "<group>"; };
/* End PBXFileReference section */

/* Begin PBXFrameworksBuildPhase section */
		708B9C6829E9962E006B6BC4 /* Frameworks */ = {
			isa = PBXFrameworksBuildPhase;
			buildActionMask = 2147483647;
			files = (
				708B9C8A29E99693006B6BC4 /* SnapKit in Frameworks */,
				708B9C8729E9967D006B6BC4 /* SDWebImage in Frameworks */,
				708B9C8429E99668006B6BC4 /* Moya-ObjectMapper in Frameworks */,
			);
			runOnlyForDeploymentPostprocessing = 0;
		};
/* End PBXFrameworksBuildPhase section */

/* Begin PBXGroup section */
		708B9C6229E9962E006B6BC4 = {
			isa = PBXGroup;
			children = (
				708B9C6D29E9962E006B6BC4 /* book-library-app */,
				708B9C6C29E9962E006B6BC4 /* Products */,
			);
			sourceTree = "<group>";
		};
		708B9C6C29E9962E006B6BC4 /* Products */ = {
			isa = PBXGroup;
			children = (
				708B9C6B29E9962E006B6BC4 /* book-library-app.app */,
			);
			name = Products;
			sourceTree = "<group>";
		};
		708B9C6D29E9962E006B6BC4 /* book-library-app */ = {
			isa = PBXGroup;
			children = (
				708B9C9C29E9A2A7006B6BC4 /* Extensions */,
				708B9C8E29E9976C006B6BC4 /* OpenLibraryApi */,
				708B9C8B29E996B9006B6BC4 /* UI */,
				708B9C6E29E9962E006B6BC4 /* AppDelegate.swift */,
				708B9C7029E9962E006B6BC4 /* SceneDelegate.swift */,
				708B9C7429E9962E006B6BC4 /* Main.storyboard */,
				708B9C7729E9962E006B6BC4 /* Assets.xcassets */,
				708B9C7929E9962E006B6BC4 /* LaunchScreen.storyboard */,
				708B9C7C29E9962E006B6BC4 /* Info.plist */,
			);
			path = "book-library-app";
			sourceTree = "<group>";
		};
		708B9C8B29E996B9006B6BC4 /* UI */ = {
			isa = PBXGroup;
			children = (
				708B9C9929E99FF0006B6BC4 /* TableViewCells */,
				708B9C9829E99FEA006B6BC4 /* ViewControllers */,
			);
			path = UI;
			sourceTree = "<group>";
		};
		708B9C8E29E9976C006B6BC4 /* OpenLibraryApi */ = {
			isa = PBXGroup;
			children = (
				708B9C9329E99CA3006B6BC4 /* Models */,
				708B9C8F29E99778006B6BC4 /* OpenLibraryApi.swift */,
				708B9C9129E9977E006B6BC4 /* OpenLibraryProvider.swift */,
			);
			path = OpenLibraryApi;
			sourceTree = "<group>";
		};
		708B9C9329E99CA3006B6BC4 /* Models */ = {
			isa = PBXGroup;
			children = (
				708B9C9429E99CA9006B6BC4 /* BookModel.swift */,
				708B9CA729E9AA58006B6BC4 /* BookRatingModel.swift */,
				708B9C9629E99F45006B6BC4 /* TrendingModel.swift */,
			);
			path = Models;
			sourceTree = "<group>";
		};
		708B9C9829E99FEA006B6BC4 /* ViewControllers */ = {
			isa = PBXGroup;
			children = (
				708B9C8C29E996C0006B6BC4 /* MainViewController.swift */,
				708B9CA529E9A8F0006B6BC4 /* BookViewController.swift */,
			);
			path = ViewControllers;
			sourceTree = "<group>";
		};
		708B9C9929E99FF0006B6BC4 /* TableViewCells */ = {
			isa = PBXGroup;
			children = (
				708B9C9A29E99FFF006B6BC4 /* BookTableViewCell.swift */,
			);
			path = TableViewCells;
			sourceTree = "<group>";
		};
		708B9C9C29E9A2A7006B6BC4 /* Extensions */ = {
			isa = PBXGroup;
			children = (
				708B9C9D29E9A2AE006B6BC4 /* UITableView.swift */,
				708B9C9F29E9A2B8006B6BC4 /* UITableViewCell.swift */,
				708B9CA129E9A488006B6BC4 /* UIViewController.swift */,
				708B9CA329E9A4E9006B6BC4 /* UIImage.swift */,
			);
			path = Extensions;
			sourceTree = "<group>";
		};
/* End PBXGroup section */

/* Begin PBXNativeTarget section */
		708B9C6A29E9962E006B6BC4 /* book-library-app */ = {
			isa = PBXNativeTarget;
			buildConfigurationList = 708B9C7F29E9962E006B6BC4 /* Build configuration list for PBXNativeTarget "book-library-app" */;
			buildPhases = (
				708B9C6729E9962E006B6BC4 /* Sources */,
				708B9C6829E9962E006B6BC4 /* Frameworks */,
				708B9C6929E9962E006B6BC4 /* Resources */,
			);
			buildRules = (
			);
			dependencies = (
			);
			name = "book-library-app";
			packageProductDependencies = (
				708B9C8329E99668006B6BC4 /* Moya-ObjectMapper */,
				708B9C8629E9967D006B6BC4 /* SDWebImage */,
				708B9C8929E99693006B6BC4 /* SnapKit */,
			);
			productName = "book-library-app";
			productReference = 708B9C6B29E9962E006B6BC4 /* book-library-app.app */;
			productType = "com.apple.product-type.application";
		};
/* End PBXNativeTarget section */

/* Begin PBXProject section */
		708B9C6329E9962E006B6BC4 /* Project object */ = {
			isa = PBXProject;
			attributes = {
				BuildIndependentTargetsInParallel = 1;
				LastSwiftUpdateCheck = 1420;
				LastUpgradeCheck = 1420;
				TargetAttributes = {
					708B9C6A29E9962E006B6BC4 = {
						CreatedOnToolsVersion = 14.2;
					};
				};
			};
			buildConfigurationList = 708B9C6629E9962E006B6BC4 /* Build configuration list for PBXProject "book-library-app" */;
			compatibilityVersion = "Xcode 14.0";
			developmentRegion = en;
			hasScannedForEncodings = 0;
			knownRegions = (
				en,
				Base,
			);
			mainGroup = 708B9C6229E9962E006B6BC4;
			packageReferences = (
				708B9C8229E99668006B6BC4 /* XCRemoteSwiftPackageReference "Moya-ObjectMapper" */,
				708B9C8529E9967D006B6BC4 /* XCRemoteSwiftPackageReference "SDWebImage" */,
				708B9C8829E99693006B6BC4 /* XCRemoteSwiftPackageReference "SnapKit" */,
			);
			productRefGroup = 708B9C6C29E9962E006B6BC4 /* Products */;
			projectDirPath = "";
			projectRoot = "";
			targets = (
				708B9C6A29E9962E006B6BC4 /* book-library-app */,
			);
		};
/* End PBXProject section */

/* Begin PBXResourcesBuildPhase section */
		708B9C6929E9962E006B6BC4 /* Resources */ = {
			isa = PBXResourcesBuildPhase;
			buildActionMask = 2147483647;
			files = (
				708B9C7B29E9962E006B6BC4 /* LaunchScreen.storyboard in Resources */,
				708B9C7829E9962E006B6BC4 /* Assets.xcassets in Resources */,
				708B9C7629E9962E006B6BC4 /* Main.storyboard in Resources */,
			);
			runOnlyForDeploymentPostprocessing = 0;
		};
/* End PBXResourcesBuildPhase section */

/* Begin PBXSourcesBuildPhase section */
		708B9C6729E9962E006B6BC4 /* Sources */ = {
			isa = PBXSourcesBuildPhase;
			buildActionMask = 2147483647;
			files = (
				708B9C9B29E99FFF006B6BC4 /* BookTableViewCell.swift in Sources */,
				708B9C9529E99CA9006B6BC4 /* BookModel.swift in Sources */,
				708B9C9029E99778006B6BC4 /* OpenLibraryApi.swift in Sources */,
				708B9CA829E9AA58006B6BC4 /* BookRatingModel.swift in Sources */,
				708B9CA229E9A488006B6BC4 /* UIViewController.swift in Sources */,
				708B9C8D29E996C0006B6BC4 /* MainViewController.swift in Sources */,
				708B9C6F29E9962E006B6BC4 /* AppDelegate.swift in Sources */,
				708B9CA029E9A2B8006B6BC4 /* UITableViewCell.swift in Sources */,
				708B9C9E29E9A2AE006B6BC4 /* UITableView.swift in Sources */,
				708B9C7129E9962E006B6BC4 /* SceneDelegate.swift in Sources */,
				708B9CA629E9A8F0006B6BC4 /* BookViewController.swift in Sources */,
				708B9CA429E9A4E9006B6BC4 /* UIImage.swift in Sources */,
				708B9C9729E99F45006B6BC4 /* TrendingModel.swift in Sources */,
				708B9C9229E9977E006B6BC4 /* OpenLibraryProvider.swift in Sources */,
			);
			runOnlyForDeploymentPostprocessing = 0;
		};
/* End PBXSourcesBuildPhase section */

/* Begin PBXVariantGroup section */
		708B9C7429E9962E006B6BC4 /* Main.storyboard */ = {
			isa = PBXVariantGroup;
			children = (
				708B9C7529E9962E006B6BC4 /* Base */,
			);
			name = Main.storyboard;
			sourceTree = "<group>";
		};
		708B9C7929E9962E006B6BC4 /* LaunchScreen.storyboard */ = {
			isa = PBXVariantGroup;
			children = (
				708B9C7A29E9962E006B6BC4 /* Base */,
			);
			name = LaunchScreen.storyboard;
			sourceTree = "<group>";
		};
/* End PBXVariantGroup section */

/* Begin XCBuildConfiguration section */
		708B9C7D29E9962E006B6BC4 /* Debug */ = {
			isa = XCBuildConfiguration;
			buildSettings = {
				ALWAYS_SEARCH_USER_PATHS = NO;
				CLANG_ANALYZER_NONNULL = YES;
				CLANG_ANALYZER_NUMBER_OBJECT_CONVERSION = YES_AGGRESSIVE;
				CLANG_CXX_LANGUAGE_STANDARD = "gnu++20";
				CLANG_ENABLE_MODULES = YES;
				CLANG_ENABLE_OBJC_ARC = YES;
				CLANG_ENABLE_OBJC_WEAK = YES;
				CLANG_WARN_BLOCK_CAPTURE_AUTORELEASING = YES;
				CLANG_WARN_BOOL_CONVERSION = YES;
				CLANG_WARN_COMMA = YES;
				CLANG_WARN_CONSTANT_CONVERSION = YES;
				CLANG_WARN_DEPRECATED_OBJC_IMPLEMENTATIONS = YES;
				CLANG_WARN_DIRECT_OBJC_ISA_USAGE = YES_ERROR;
				CLANG_WARN_DOCUMENTATION_COMMENTS = YES;
				CLANG_WARN_EMPTY_BODY = YES;
				CLANG_WARN_ENUM_CONVERSION = YES;
				CLANG_WARN_INFINITE_RECURSION = YES;
				CLANG_WARN_INT_CONVERSION = YES;
				CLANG_WARN_NON_LITERAL_NULL_CONVERSION = YES;
				CLANG_WARN_OBJC_IMPLICIT_RETAIN_SELF = YES;
				CLANG_WARN_OBJC_LITERAL_CONVERSION = YES;
				CLANG_WARN_OBJC_ROOT_CLASS = YES_ERROR;
				CLANG_WARN_QUOTED_INCLUDE_IN_FRAMEWORK_HEADER = YES;
				CLANG_WARN_RANGE_LOOP_ANALYSIS = YES;
				CLANG_WARN_STRICT_PROTOTYPES = YES;
				CLANG_WARN_SUSPICIOUS_MOVE = YES;
				CLANG_WARN_UNGUARDED_AVAILABILITY = YES_AGGRESSIVE;
				CLANG_WARN_UNREACHABLE_CODE = YES;
				CLANG_WARN__DUPLICATE_METHOD_MATCH = YES;
				COPY_PHASE_STRIP = NO;
				DEBUG_INFORMATION_FORMAT = dwarf;
				ENABLE_STRICT_OBJC_MSGSEND = YES;
				ENABLE_TESTABILITY = YES;
				GCC_C_LANGUAGE_STANDARD = gnu11;
				GCC_DYNAMIC_NO_PIC = NO;
				GCC_NO_COMMON_BLOCKS = YES;
				GCC_OPTIMIZATION_LEVEL = 0;
				GCC_PREPROCESSOR_DEFINITIONS = (
					"DEBUG=1",
					"$(inherited)",
				);
				GCC_WARN_64_TO_32_BIT_CONVERSION = YES;
				GCC_WARN_ABOUT_RETURN_TYPE = YES_ERROR;
				GCC_WARN_UNDECLARED_SELECTOR = YES;
				GCC_WARN_UNINITIALIZED_AUTOS = YES_AGGRESSIVE;
				GCC_WARN_UNUSED_FUNCTION = YES;
				GCC_WARN_UNUSED_VARIABLE = YES;
				IPHONEOS_DEPLOYMENT_TARGET = 16.2;
				MTL_ENABLE_DEBUG_INFO = INCLUDE_SOURCE;
				MTL_FAST_MATH = YES;
				ONLY_ACTIVE_ARCH = YES;
				SDKROOT = iphoneos;
				SWIFT_ACTIVE_COMPILATION_CONDITIONS = DEBUG;
				SWIFT_OPTIMIZATION_LEVEL = "-Onone";
			};
			name = Debug;
		};
		708B9C7E29E9962E006B6BC4 /* Release */ = {
			isa = XCBuildConfiguration;
			buildSettings = {
				ALWAYS_SEARCH_USER_PATHS = NO;
				CLANG_ANALYZER_NONNULL = YES;
				CLANG_ANALYZER_NUMBER_OBJECT_CONVERSION = YES_AGGRESSIVE;
				CLANG_CXX_LANGUAGE_STANDARD = "gnu++20";
				CLANG_ENABLE_MODULES = YES;
				CLANG_ENABLE_OBJC_ARC = YES;
				CLANG_ENABLE_OBJC_WEAK = YES;
				CLANG_WARN_BLOCK_CAPTURE_AUTORELEASING = YES;
				CLANG_WARN_BOOL_CONVERSION = YES;
				CLANG_WARN_COMMA = YES;
				CLANG_WARN_CONSTANT_CONVERSION = YES;
				CLANG_WARN_DEPRECATED_OBJC_IMPLEMENTATIONS = YES;
				CLANG_WARN_DIRECT_OBJC_ISA_USAGE = YES_ERROR;
				CLANG_WARN_DOCUMENTATION_COMMENTS = YES;
				CLANG_WARN_EMPTY_BODY = YES;
				CLANG_WARN_ENUM_CONVERSION = YES;
				CLANG_WARN_INFINITE_RECURSION = YES;
				CLANG_WARN_INT_CONVERSION = YES;
				CLANG_WARN_NON_LITERAL_NULL_CONVERSION = YES;
				CLANG_WARN_OBJC_IMPLICIT_RETAIN_SELF = YES;
				CLANG_WARN_OBJC_LITERAL_CONVERSION = YES;
				CLANG_WARN_OBJC_ROOT_CLASS = YES_ERROR;
				CLANG_WARN_QUOTED_INCLUDE_IN_FRAMEWORK_HEADER = YES;
				CLANG_WARN_RANGE_LOOP_ANALYSIS = YES;
				CLANG_WARN_STRICT_PROTOTYPES = YES;
				CLANG_WARN_SUSPICIOUS_MOVE = YES;
				CLANG_WARN_UNGUARDED_AVAILABILITY = YES_AGGRESSIVE;
				CLANG_WARN_UNREACHABLE_CODE = YES;
				CLANG_WARN__DUPLICATE_METHOD_MATCH = YES;
				COPY_PHASE_STRIP = NO;
				DEBUG_INFORMATION_FORMAT = "dwarf-with-dsym";
				ENABLE_NS_ASSERTIONS = NO;
				ENABLE_STRICT_OBJC_MSGSEND = YES;
				GCC_C_LANGUAGE_STANDARD = gnu11;
				GCC_NO_COMMON_BLOCKS = YES;
				GCC_WARN_64_TO_32_BIT_CONVERSION = YES;
				GCC_WARN_ABOUT_RETURN_TYPE = YES_ERROR;
				GCC_WARN_UNDECLARED_SELECTOR = YES;
				GCC_WARN_UNINITIALIZED_AUTOS = YES_AGGRESSIVE;
				GCC_WARN_UNUSED_FUNCTION = YES;
				GCC_WARN_UNUSED_VARIABLE = YES;
				IPHONEOS_DEPLOYMENT_TARGET = 16.2;
				MTL_ENABLE_DEBUG_INFO = NO;
				MTL_FAST_MATH = YES;
				SDKROOT = iphoneos;
				SWIFT_COMPILATION_MODE = wholemodule;
				SWIFT_OPTIMIZATION_LEVEL = "-O";
				VALIDATE_PRODUCT = YES;
			};
			name = Release;
		};
		708B9C8029E9962E006B6BC4 /* Debug */ = {
			isa = XCBuildConfiguration;
			buildSettings = {
				ASSETCATALOG_COMPILER_APPICON_NAME = AppIcon;
				ASSETCATALOG_COMPILER_GLOBAL_ACCENT_COLOR_NAME = AccentColor;
				CODE_SIGN_STYLE = Automatic;
				CURRENT_PROJECT_VERSION = 1;
				DEVELOPMENT_TEAM = RYL5V28X4W;
				GENERATE_INFOPLIST_FILE = YES;
				INFOPLIST_FILE = "book-library-app/Info.plist";
				INFOPLIST_KEY_UIApplicationSupportsIndirectInputEvents = YES;
				INFOPLIST_KEY_UILaunchStoryboardName = LaunchScreen;
				INFOPLIST_KEY_UIMainStoryboardFile = Main;
				INFOPLIST_KEY_UISupportedInterfaceOrientations_iPad = "UIInterfaceOrientationPortrait UIInterfaceOrientationPortraitUpsideDown UIInterfaceOrientationLandscapeLeft UIInterfaceOrientationLandscapeRight";
				INFOPLIST_KEY_UISupportedInterfaceOrientations_iPhone = "UIInterfaceOrientationPortrait UIInterfaceOrientationLandscapeLeft UIInterfaceOrientationLandscapeRight";
				IPHONEOS_DEPLOYMENT_TARGET = 13.0;
				LD_RUNPATH_SEARCH_PATHS = (
					"$(inherited)",
					"@executable_path/Frameworks",
				);
				MARKETING_VERSION = 1.0;
				PRODUCT_BUNDLE_IDENTIFIER = "by.kefaxoo.book-library-app";
				PRODUCT_NAME = "$(TARGET_NAME)";
				SWIFT_EMIT_LOC_STRINGS = YES;
				SWIFT_VERSION = 5.0;
				TARGETED_DEVICE_FAMILY = "1,2";
			};
			name = Debug;
		};
		708B9C8129E9962E006B6BC4 /* Release */ = {
			isa = XCBuildConfiguration;
			buildSettings = {
				ASSETCATALOG_COMPILER_APPICON_NAME = AppIcon;
				ASSETCATALOG_COMPILER_GLOBAL_ACCENT_COLOR_NAME = AccentColor;
				CODE_SIGN_STYLE = Automatic;
				CURRENT_PROJECT_VERSION = 1;
				DEVELOPMENT_TEAM = RYL5V28X4W;
				GENERATE_INFOPLIST_FILE = YES;
				INFOPLIST_FILE = "book-library-app/Info.plist";
				INFOPLIST_KEY_UIApplicationSupportsIndirectInputEvents = YES;
				INFOPLIST_KEY_UILaunchStoryboardName = LaunchScreen;
				INFOPLIST_KEY_UIMainStoryboardFile = Main;
				INFOPLIST_KEY_UISupportedInterfaceOrientations_iPad = "UIInterfaceOrientationPortrait UIInterfaceOrientationPortraitUpsideDown UIInterfaceOrientationLandscapeLeft UIInterfaceOrientationLandscapeRight";
				INFOPLIST_KEY_UISupportedInterfaceOrientations_iPhone = "UIInterfaceOrientationPortrait UIInterfaceOrientationLandscapeLeft UIInterfaceOrientationLandscapeRight";
				IPHONEOS_DEPLOYMENT_TARGET = 13.0;
				LD_RUNPATH_SEARCH_PATHS = (
					"$(inherited)",
					"@executable_path/Frameworks",
				);
				MARKETING_VERSION = 1.0;
				PRODUCT_BUNDLE_IDENTIFIER = "by.kefaxoo.book-library-app";
				PRODUCT_NAME = "$(TARGET_NAME)";
				SWIFT_EMIT_LOC_STRINGS = YES;
				SWIFT_VERSION = 5.0;
				TARGETED_DEVICE_FAMILY = "1,2";
			};
			name = Release;
		};
/* End XCBuildConfiguration section */

/* Begin XCConfigurationList section */
		708B9C6629E9962E006B6BC4 /* Build configuration list for PBXProject "book-library-app" */ = {
			isa = XCConfigurationList;
			buildConfigurations = (
				708B9C7D29E9962E006B6BC4 /* Debug */,
				708B9C7E29E9962E006B6BC4 /* Release */,
			);
			defaultConfigurationIsVisible = 0;
			defaultConfigurationName = Release;
		};
		708B9C7F29E9962E006B6BC4 /* Build configuration list for PBXNativeTarget "book-library-app" */ = {
			isa = XCConfigurationList;
			buildConfigurations = (
				708B9C8029E9962E006B6BC4 /* Debug */,
				708B9C8129E9962E006B6BC4 /* Release */,
			);
			defaultConfigurationIsVisible = 0;
			defaultConfigurationName = Release;
		};
/* End XCConfigurationList section */

/* Begin XCRemoteSwiftPackageReference section */
		708B9C8229E99668006B6BC4 /* XCRemoteSwiftPackageReference "Moya-ObjectMapper" */ = {
			isa = XCRemoteSwiftPackageReference;
			repositoryURL = "https://github.com/bmoliveira/Moya-ObjectMapper";
			requirement = {
				branch = master;
				kind = branch;
			};
		};
		708B9C8529E9967D006B6BC4 /* XCRemoteSwiftPackageReference "SDWebImage" */ = {
			isa = XCRemoteSwiftPackageReference;
			repositoryURL = "https://github.com/SDWebImage/SDWebImage.git";
			requirement = {
				kind = upToNextMinorVersion;
				minimumVersion = 5.9.0;
			};
		};
		708B9C8829E99693006B6BC4 /* XCRemoteSwiftPackageReference "SnapKit" */ = {
			isa = XCRemoteSwiftPackageReference;
			repositoryURL = "https://github.com/SnapKit/SnapKit";
			requirement = {
				kind = upToNextMinorVersion;
				minimumVersion = 5.6.0;
			};
		};
/* End XCRemoteSwiftPackageReference section */

/* Begin XCSwiftPackageProductDependency section */
		708B9C8329E99668006B6BC4 /* Moya-ObjectMapper */ = {
			isa = XCSwiftPackageProductDependency;
			package = 708B9C8229E99668006B6BC4 /* XCRemoteSwiftPackageReference "Moya-ObjectMapper" */;
			productName = "Moya-ObjectMapper";
		};
		708B9C8629E9967D006B6BC4 /* SDWebImage */ = {
			isa = XCSwiftPackageProductDependency;
			package = 708B9C8529E9967D006B6BC4 /* XCRemoteSwiftPackageReference "SDWebImage" */;
			productName = SDWebImage;
		};
		708B9C8929E99693006B6BC4 /* SnapKit */ = {
			isa = XCSwiftPackageProductDependency;
			package = 708B9C8829E99693006B6BC4 /* XCRemoteSwiftPackageReference "SnapKit" */;
			productName = SnapKit;
		};
/* End XCSwiftPackageProductDependency section */
	};
	rootObject = 708B9C6329E9962E006B6BC4 /* Project object */;
}
